// !$*UTF8*$!
{
	archiveVersion = 1;
	classes = {
	};
	objectVersion = 46;
	objects = {

/* Begin PBXBuildFile section */
		9B669EB319CE2DCF00F2712B /* GTWebPrinting.png in Resources */ = {isa = PBXBuildFile; fileRef = 9B669EB219CE2DCF00F2712B /* GTWebPrinting.png */; };
		9B8FBCCD19CDB13B007BACAF /* AppDelegate.swift in Sources */ = {isa = PBXBuildFile; fileRef = 9B8FBCCC19CDB13B007BACAF /* AppDelegate.swift */; };
		9B8FBCCF19CDB13B007BACAF /* ViewController.swift in Sources */ = {isa = PBXBuildFile; fileRef = 9B8FBCCE19CDB13B007BACAF /* ViewController.swift */; };
		9B8FBCD219CDB13B007BACAF /* Main.storyboard in Resources */ = {isa = PBXBuildFile; fileRef = 9B8FBCD019CDB13B007BACAF /* Main.storyboard */; };
		9B8FBCD419CDB13B007BACAF /* Images.xcassets in Resources */ = {isa = PBXBuildFile; fileRef = 9B8FBCD319CDB13B007BACAF /* Images.xcassets */; };
		9B8FBCE019CDB13B007BACAF /* GTMobilePrinterTests.swift in Sources */ = {isa = PBXBuildFile; fileRef = 9B8FBCDF19CDB13B007BACAF /* GTMobilePrinterTests.swift */; };
/* End PBXBuildFile section */

/* Begin PBXContainerItemProxy section */
		9B8FBCDA19CDB13B007BACAF /* PBXContainerItemProxy */ = {
			isa = PBXContainerItemProxy;
			containerPortal = 9B8FBCBF19CDB13B007BACAF /* Project object */;
			proxyType = 1;
			remoteGlobalIDString = 9B8FBCC619CDB13B007BACAF;
			remoteInfo = GTMobilePrinter;
		};
/* End PBXContainerItemProxy section */

/* Begin PBXFileReference section */
		9B669EB219CE2DCF00F2712B /* GTWebPrinting.png */ = {isa = PBXFileReference; lastKnownFileType = image.png; path = GTWebPrinting.png; sourceTree = "<group>"; };
		9B8FBCC719CDB13B007BACAF /* GT Web Print.app */ = {isa = PBXFileReference; explicitFileType = wrapper.application; includeInIndex = 0; path = "GT Web Print.app"; sourceTree = BUILT_PRODUCTS_DIR; };
		9B8FBCCB19CDB13B007BACAF /* Info.plist */ = {isa = PBXFileReference; lastKnownFileType = text.plist.xml; path = Info.plist; sourceTree = "<group>"; };
		9B8FBCCC19CDB13B007BACAF /* AppDelegate.swift */ = {isa = PBXFileReference; lastKnownFileType = sourcecode.swift; path = AppDelegate.swift; sourceTree = "<group>"; };
		9B8FBCCE19CDB13B007BACAF /* ViewController.swift */ = {isa = PBXFileReference; lastKnownFileType = sourcecode.swift; path = ViewController.swift; sourceTree = "<group>"; };
		9B8FBCD119CDB13B007BACAF /* Base */ = {isa = PBXFileReference; lastKnownFileType = file.storyboard; name = Base; path = Base.lproj/Main.storyboard; sourceTree = "<group>"; };
		9B8FBCD319CDB13B007BACAF /* Images.xcassets */ = {isa = PBXFileReference; lastKnownFileType = folder.assetcatalog; path = Images.xcassets; sourceTree = "<group>"; };
		9B8FBCD919CDB13B007BACAF /* GTMobilePrinterTests.xctest */ = {isa = PBXFileReference; explicitFileType = wrapper.cfbundle; includeInIndex = 0; path = GTMobilePrinterTests.xctest; sourceTree = BUILT_PRODUCTS_DIR; };
		9B8FBCDE19CDB13B007BACAF /* Info.plist */ = {isa = PBXFileReference; lastKnownFileType = text.plist.xml; path = Info.plist; sourceTree = "<group>"; };
		9B8FBCDF19CDB13B007BACAF /* GTMobilePrinterTests.swift */ = {isa = PBXFileReference; lastKnownFileType = sourcecode.swift; path = GTMobilePrinterTests.swift; sourceTree = "<group>"; };
/* End PBXFileReference section */

/* Begin PBXFrameworksBuildPhase section */
		9B8FBCC419CDB13B007BACAF /* Frameworks */ = {
			isa = PBXFrameworksBuildPhase;
			buildActionMask = 2147483647;
			files = (
			);
			runOnlyForDeploymentPostprocessing = 0;
		};
		9B8FBCD619CDB13B007BACAF /* Frameworks */ = {
			isa = PBXFrameworksBuildPhase;
			buildActionMask = 2147483647;
			files = (
			);
			runOnlyForDeploymentPostprocessing = 0;
		};
/* End PBXFrameworksBuildPhase section */

/* Begin PBXGroup section */
		9B669EB119CE2DC000F2712B /* Images */ = {
			isa = PBXGroup;
			children = (
				9B669EB219CE2DCF00F2712B /* GTWebPrinting.png */,
			);
			name = Images;
			sourceTree = "<group>";
		};
		9B8FBCBE19CDB13B007BACAF = {
			isa = PBXGroup;
			children = (
				9B8FBCC919CDB13B007BACAF /* GTMobilePrinter */,
				9B8FBCDC19CDB13B007BACAF /* GTMobilePrinterTests */,
				9B8FBCC819CDB13B007BACAF /* Products */,
			);
			sourceTree = "<group>";
		};
		9B8FBCC819CDB13B007BACAF /* Products */ = {
			isa = PBXGroup;
			children = (
				9B8FBCC719CDB13B007BACAF /* GT Web Print.app */,
				9B8FBCD919CDB13B007BACAF /* GTMobilePrinterTests.xctest */,
			);
			name = Products;
			sourceTree = "<group>";
		};
		9B8FBCC919CDB13B007BACAF /* GTMobilePrinter */ = {
			isa = PBXGroup;
			children = (
				9B8FBCCC19CDB13B007BACAF /* AppDelegate.swift */,
				9B8FBCCE19CDB13B007BACAF /* ViewController.swift */,
				9B8FBCD019CDB13B007BACAF /* Main.storyboard */,
				9B8FBCD319CDB13B007BACAF /* Images.xcassets */,
				9B8FBCCA19CDB13B007BACAF /* Supporting Files */,
			);
			path = GTMobilePrinter;
			sourceTree = "<group>";
		};
		9B8FBCCA19CDB13B007BACAF /* Supporting Files */ = {
			isa = PBXGroup;
			children = (
				9B669EB119CE2DC000F2712B /* Images */,
				9B8FBCCB19CDB13B007BACAF /* Info.plist */,
			);
			name = "Supporting Files";
			sourceTree = "<group>";
		};
		9B8FBCDC19CDB13B007BACAF /* GTMobilePrinterTests */ = {
			isa = PBXGroup;
			children = (
				9B8FBCDF19CDB13B007BACAF /* GTMobilePrinterTests.swift */,
				9B8FBCDD19CDB13B007BACAF /* Supporting Files */,
			);
			path = GTMobilePrinterTests;
			sourceTree = "<group>";
		};
		9B8FBCDD19CDB13B007BACAF /* Supporting Files */ = {
			isa = PBXGroup;
			children = (
				9B8FBCDE19CDB13B007BACAF /* Info.plist */,
			);
			name = "Supporting Files";
			sourceTree = "<group>";
		};
/* End PBXGroup section */

/* Begin PBXNativeTarget section */
		9B8FBCC619CDB13B007BACAF /* GTMobilePrinter */ = {
			isa = PBXNativeTarget;
			buildConfigurationList = 9B8FBCE319CDB13B007BACAF /* Build configuration list for PBXNativeTarget "GTMobilePrinter" */;
			buildPhases = (
				9B8FBCC319CDB13B007BACAF /* Sources */,
				9B8FBCC419CDB13B007BACAF /* Frameworks */,
				9B8FBCC519CDB13B007BACAF /* Resources */,
			);
			buildRules = (
			);
			dependencies = (
			);
			name = GTMobilePrinter;
			productName = GTMobilePrinter;
			productReference = 9B8FBCC719CDB13B007BACAF /* GT Web Print.app */;
			productType = "com.apple.product-type.application";
		};
		9B8FBCD819CDB13B007BACAF /* GTMobilePrinterTests */ = {
			isa = PBXNativeTarget;
			buildConfigurationList = 9B8FBCE619CDB13B007BACAF /* Build configuration list for PBXNativeTarget "GTMobilePrinterTests" */;
			buildPhases = (
				9B8FBCD519CDB13B007BACAF /* Sources */,
				9B8FBCD619CDB13B007BACAF /* Frameworks */,
				9B8FBCD719CDB13B007BACAF /* Resources */,
			);
			buildRules = (
			);
			dependencies = (
				9B8FBCDB19CDB13B007BACAF /* PBXTargetDependency */,
			);
			name = GTMobilePrinterTests;
			productName = GTMobilePrinterTests;
			productReference = 9B8FBCD919CDB13B007BACAF /* GTMobilePrinterTests.xctest */;
			productType = "com.apple.product-type.bundle.unit-test";
		};
/* End PBXNativeTarget section */

/* Begin PBXProject section */
		9B8FBCBF19CDB13B007BACAF /* Project object */ = {
			isa = PBXProject;
			attributes = {
				LastUpgradeCheck = 0600;
				ORGANIZATIONNAME = "Georgia Tech";
				TargetAttributes = {
					9B8FBCC619CDB13B007BACAF = {
						CreatedOnToolsVersion = 6.0;
					};
					9B8FBCD819CDB13B007BACAF = {
						CreatedOnToolsVersion = 6.0;
						TestTargetID = 9B8FBCC619CDB13B007BACAF;
					};
				};
			};
			buildConfigurationList = 9B8FBCC219CDB13B007BACAF /* Build configuration list for PBXProject "GTMobilePrinter" */;
			compatibilityVersion = "Xcode 3.2";
			developmentRegion = English;
			hasScannedForEncodings = 0;
			knownRegions = (
				en,
				Base,
			);
			mainGroup = 9B8FBCBE19CDB13B007BACAF;
			productRefGroup = 9B8FBCC819CDB13B007BACAF /* Products */;
			projectDirPath = "";
			projectRoot = "";
			targets = (
				9B8FBCC619CDB13B007BACAF /* GTMobilePrinter */,
				9B8FBCD819CDB13B007BACAF /* GTMobilePrinterTests */,
			);
		};
/* End PBXProject section */

/* Begin PBXResourcesBuildPhase section */
		9B8FBCC519CDB13B007BACAF /* Resources */ = {
			isa = PBXResourcesBuildPhase;
			buildActionMask = 2147483647;
			files = (
				9B669EB319CE2DCF00F2712B /* GTWebPrinting.png in Resources */,
				9B8FBCD219CDB13B007BACAF /* Main.storyboard in Resources */,
				9B8FBCD419CDB13B007BACAF /* Images.xcassets in Resources */,
			);
			runOnlyForDeploymentPostprocessing = 0;
		};
		9B8FBCD719CDB13B007BACAF /* Resources */ = {
			isa = PBXResourcesBuildPhase;
			buildActionMask = 2147483647;
			files = (
			);
			runOnlyForDeploymentPostprocessing = 0;
		};
/* End PBXResourcesBuildPhase section */

/* Begin PBXSourcesBuildPhase section */
		9B8FBCC319CDB13B007BACAF /* Sources */ = {
			isa = PBXSourcesBuildPhase;
			buildActionMask = 2147483647;
			files = (
				9B8FBCCF19CDB13B007BACAF /* ViewController.swift in Sources */,
				9B8FBCCD19CDB13B007BACAF /* AppDelegate.swift in Sources */,
			);
			runOnlyForDeploymentPostprocessing = 0;
		};
		9B8FBCD519CDB13B007BACAF /* Sources */ = {
			isa = PBXSourcesBuildPhase;
			buildActionMask = 2147483647;
			files = (
				9B8FBCE019CDB13B007BACAF /* GTMobilePrinterTests.swift in Sources */,
			);
			runOnlyForDeploymentPostprocessing = 0;
		};
/* End PBXSourcesBuildPhase section */

/* Begin PBXTargetDependency section */
		9B8FBCDB19CDB13B007BACAF /* PBXTargetDependency */ = {
			isa = PBXTargetDependency;
			target = 9B8FBCC619CDB13B007BACAF /* GTMobilePrinter */;
			targetProxy = 9B8FBCDA19CDB13B007BACAF /* PBXContainerItemProxy */;
		};
/* End PBXTargetDependency section */

/* Begin PBXVariantGroup section */
		9B8FBCD019CDB13B007BACAF /* Main.storyboard */ = {
			isa = PBXVariantGroup;
			children = (
				9B8FBCD119CDB13B007BACAF /* Base */,
			);
			name = Main.storyboard;
			sourceTree = "<group>";
		};
/* End PBXVariantGroup section */

/* Begin XCBuildConfiguration section */
		9B8FBCE119CDB13B007BACAF /* Debug */ = {
			isa = XCBuildConfiguration;
			buildSettings = {
				ALWAYS_SEARCH_USER_PATHS = NO;
				CLANG_CXX_LANGUAGE_STANDARD = "gnu++0x";
				CLANG_CXX_LIBRARY = "libc++";
				CLANG_ENABLE_MODULES = YES;
				CLANG_ENABLE_OBJC_ARC = YES;
				CLANG_WARN_BOOL_CONVERSION = YES;
				CLANG_WARN_CONSTANT_CONVERSION = YES;
				CLANG_WARN_DIRECT_OBJC_ISA_USAGE = YES_ERROR;
				CLANG_WARN_EMPTY_BODY = YES;
				CLANG_WARN_ENUM_CONVERSION = YES;
				CLANG_WARN_INT_CONVERSION = YES;
				CLANG_WARN_OBJC_ROOT_CLASS = YES_ERROR;
				CLANG_WARN_UNREACHABLE_CODE = YES;
				CLANG_WARN__DUPLICATE_METHOD_MATCH = YES;
				"CODE_SIGN_IDENTITY[sdk=iphoneos*]" = "iPhone Developer";
				COPY_PHASE_STRIP = NO;
				ENABLE_STRICT_OBJC_MSGSEND = YES;
				GCC_C_LANGUAGE_STANDARD = gnu99;
				GCC_DYNAMIC_NO_PIC = NO;
				GCC_OPTIMIZATION_LEVEL = 0;
				GCC_PREPROCESSOR_DEFINITIONS = (
					"DEBUG=1",
					"$(inherited)",
				);
				GCC_SYMBOLS_PRIVATE_EXTERN = NO;
				GCC_WARN_64_TO_32_BIT_CONVERSION = YES;
				GCC_WARN_ABOUT_RETURN_TYPE = YES_ERROR;
				GCC_WARN_UNDECLARED_SELECTOR = YES;
				GCC_WARN_UNINITIALIZED_AUTOS = YES_AGGRESSIVE;
				GCC_WARN_UNUSED_FUNCTION = YES;
				GCC_WARN_UNUSED_VARIABLE = YES;
				IPHONEOS_DEPLOYMENT_TARGET = 7.1;
				MTL_ENABLE_DEBUG_INFO = YES;
				ONLY_ACTIVE_ARCH = YES;
				SDKROOT = iphoneos;
				SWIFT_OPTIMIZATION_LEVEL = "-Onone";
				TARGETED_DEVICE_FAMILY = "1,2";
			};
			name = Debug;
		};
		9B8FBCE219CDB13B007BACAF /* Release */ = {
			isa = XCBuildConfiguration;
			buildSettings = {
				ALWAYS_SEARCH_USER_PATHS = NO;
				CLANG_CXX_LANGUAGE_STANDARD = "gnu++0x";
				CLANG_CXX_LIBRARY = "libc++";
				CLANG_ENABLE_MODULES = YES;
				CLANG_ENABLE_OBJC_ARC = YES;
				CLANG_WARN_BOOL_CONVERSION = YES;
				CLANG_WARN_CONSTANT_CONVERSION = YES;
				CLANG_WARN_DIRECT_OBJC_ISA_USAGE = YES_ERROR;
				CLANG_WARN_EMPTY_BODY = YES;
				CLANG_WARN_ENUM_CONVERSION = YES;
				CLANG_WARN_INT_CONVERSION = YES;
				CLANG_WARN_OBJC_ROOT_CLASS = YES_ERROR;
				CLANG_WARN_UNREACHABLE_CODE = YES;
				CLANG_WARN__DUPLICATE_METHOD_MATCH = YES;
				"CODE_SIGN_IDENTITY[sdk=iphoneos*]" = "iPhone Developer";
				COPY_PHASE_STRIP = YES;
				ENABLE_NS_ASSERTIONS = NO;
				ENABLE_STRICT_OBJC_MSGSEND = YES;
				GCC_C_LANGUAGE_STANDARD = gnu99;
				GCC_WARN_64_TO_32_BIT_CONVERSION = YES;
				GCC_WARN_ABOUT_RETURN_TYPE = YES_ERROR;
				GCC_WARN_UNDECLARED_SELECTOR = YES;
				GCC_WARN_UNINITIALIZED_AUTOS = YES_AGGRESSIVE;
				GCC_WARN_UNUSED_FUNCTION = YES;
				GCC_WARN_UNUSED_VARIABLE = YES;
				IPHONEOS_DEPLOYMENT_TARGET = 7.1;
				MTL_ENABLE_DEBUG_INFO = NO;
				SDKROOT = iphoneos;
				TARGETED_DEVICE_FAMILY = "1,2";
				VALIDATE_PRODUCT = YES;
			};
			name = Release;
		};
		9B8FBCE419CDB13B007BACAF /* Debug */ = {
			isa = XCBuildConfiguration;
			buildSettings = {
				ASSETCATALOG_COMPILER_APPICON_NAME = AppIcon;
				ASSETCATALOG_COMPILER_LAUNCHIMAGE_NAME = LaunchImage;
				CODE_SIGN_IDENTITY = "iPhone Developer";
				"CODE_SIGN_IDENTITY[sdk=iphoneos*]" = "iPhone Developer";
				INFOPLIST_FILE = GTMobilePrinter/Info.plist;
				IPHONEOS_DEPLOYMENT_TARGET = 7.1;
				LD_RUNPATH_SEARCH_PATHS = "$(inherited) @executable_path/Frameworks";
				PRODUCT_NAME = "GT Web Print";
				PROVISIONING_PROFILE = "";
			};
			name = Debug;
		};
		9B8FBCE519CDB13B007BACAF /* Release */ = {
			isa = XCBuildConfiguration;
			buildSettings = {
				ASSETCATALOG_COMPILER_APPICON_NAME = AppIcon;
				ASSETCATALOG_COMPILER_LAUNCHIMAGE_NAME = LaunchImage;
				CODE_SIGN_IDENTITY = "iPhone Developer";
				"CODE_SIGN_IDENTITY[sdk=iphoneos*]" = "iPhone Developer";
				INFOPLIST_FILE = GTMobilePrinter/Info.plist;
				IPHONEOS_DEPLOYMENT_TARGET = 7.1;
				LD_RUNPATH_SEARCH_PATHS = "$(inherited) @executable_path/Frameworks";
				PRODUCT_NAME = "GT Web Print";
				PROVISIONING_PROFILE = "";
			};
			name = Release;
		};
		9B8FBCE719CDB13B007BACAF /* Debug */ = {
			isa = XCBuildConfiguration;
			buildSettings = {
				BUNDLE_LOADER = "$(BUILT_PRODUCTS_DIR)/GTMobilePrinter.app/GTMobilePrinter";
				FRAMEWORK_SEARCH_PATHS = (
					"$(SDKROOT)/Developer/Library/Frameworks",
					"$(inherited)",
				);
				GCC_PREPROCESSOR_DEFINITIONS = (
					"DEBUG=1",
					"$(inherited)",
				);
				INFOPLIST_FILE = GTMobilePrinterTests/Info.plist;
				LD_RUNPATH_SEARCH_PATHS = "$(inherited) @executable_path/Frameworks @loader_path/Frameworks";
				PRODUCT_NAME = "$(TARGET_NAME)";
				TEST_HOST = "$(BUNDLE_LOADER)";
			};
			name = Debug;
		};
		9B8FBCE819CDB13B007BACAF /* Release */ = {
			isa = XCBuildConfiguration;
			buildSettings = {
				BUNDLE_LOADER = "$(BUILT_PRODUCTS_DIR)/GTMobilePrinter.app/GTMobilePrinter";
				FRAMEWORK_SEARCH_PATHS = (
					"$(SDKROOT)/Developer/Library/Frameworks",
					"$(inherited)",
				);
				INFOPLIST_FILE = GTMobilePrinterTests/Info.plist;
				LD_RUNPATH_SEARCH_PATHS = "$(inherited) @executable_path/Frameworks @loader_path/Frameworks";
				PRODUCT_NAME = "$(TARGET_NAME)";
				TEST_HOST = "$(BUNDLE_LOADER)";
			};
			name = Release;
		};
/* End XCBuildConfiguration section */

/* Begin XCConfigurationList section */
		9B8FBCC219CDB13B007BACAF /* Build configuration list for PBXProject "GTMobilePrinter" */ = {
			isa = XCConfigurationList;
			buildConfigurations = (
				9B8FBCE119CDB13B007BACAF /* Debug */,
				9B8FBCE219CDB13B007BACAF /* Release */,
			);
			defaultConfigurationIsVisible = 0;
			defaultConfigurationName = Release;
		};
		9B8FBCE319CDB13B007BACAF /* Build configuration list for PBXNativeTarget "GTMobilePrinter" */ = {
			isa = XCConfigurationList;
			buildConfigurations = (
				9B8FBCE419CDB13B007BACAF /* Debug */,
				9B8FBCE519CDB13B007BACAF /* Release */,
			);
			defaultConfigurationIsVisible = 0;
			defaultConfigurationName = Release;
		};
		9B8FBCE619CDB13B007BACAF /* Build configuration list for PBXNativeTarget "GTMobilePrinterTests" */ = {
			isa = XCConfigurationList;
			buildConfigurations = (
				9B8FBCE719CDB13B007BACAF /* Debug */,
				9B8FBCE819CDB13B007BACAF /* Release */,
			);
			defaultConfigurationIsVisible = 0;
			defaultConfigurationName = Release;
		};
/* End XCConfigurationList section */
	};
	rootObject = 9B8FBCBF19CDB13B007BACAF /* Project object */;
}
